
Microsoft Visual Studio Solution File, Format Version 12.00
# Visual Studio Version 17
VisualStudioVersion = 17.5.002.0
MinimumVisualStudioVersion = 10.0.40219.1
Project("{9A19103F-16F7-4668-BE54-9A1E7A4F7556}") = "lua", "lua\lua.csproj", "{B627A856-2ED3-4674-877E-DF32B538CC7D}"
EndProject
Global
	GlobalSection(SolutionConfigurationPlatforms) = preSolution
		Debug|Any CPU = Debug|Any CPU
		Release|Any CPU = Release|Any CPU
	EndGlobalSection
	GlobalSection(ProjectConfigurationPlatforms) = postSolution
		{B627A856-2ED3-4674-877E-DF32B538CC7D}.Debug|Any CPU.ActiveCfg = Debug|Any CPU
		{B627A856-2ED3-4674-877E-DF32B538CC7D}.Debug|Any CPU.Build.0 = Debug|Any CPU
		{B627A856-2ED3-4674-877E-DF32B538CC7D}.Release|Any CPU.ActiveCfg = Release|Any CPU
		{B627A856-2ED3-4674-877E-DF32B538CC7D}.Release|Any CPU.Build.0 = Release|Any CPU
	EndGlobalSection
	GlobalSection(SolutionProperties) = preSolution
		HideSolutionNode = FALSE
	EndGlobalSection
	GlobalSection(ExtensibilityGlobals) = postSolution
		SolutionGuid = {EA9DD823-C6A8-45D0-BFD4-A642EBAE75E6}
	EndGlobalSection
EndGlobal
